// !$*UTF8*$!
{
	archiveVersion = 1;
	classes = {
	};
	objectVersion = 55;
	objects = {

/* Begin PBXBuildFile section */
		07F40E7C2844BBB300947C86 /* AppDelegate.swift in Sources */ = {isa = PBXBuildFile; fileRef = 07F40E7B2844BBB300947C86 /* AppDelegate.swift */; };
		07F40E7E2844BBB300947C86 /* SceneDelegate.swift in Sources */ = {isa = PBXBuildFile; fileRef = 07F40E7D2844BBB300947C86 /* SceneDelegate.swift */; };
		07F40E802844BBB300947C86 /* ViewController.swift in Sources */ = {isa = PBXBuildFile; fileRef = 07F40E7F2844BBB300947C86 /* ViewController.swift */; };
		07F40E832844BBB300947C86 /* Main.storyboard in Resources */ = {isa = PBXBuildFile; fileRef = 07F40E812844BBB300947C86 /* Main.storyboard */; };
		07F40E862844BBB300947C86 /* test100.xcdatamodeld in Sources */ = {isa = PBXBuildFile; fileRef = 07F40E842844BBB300947C86 /* test100.xcdatamodeld */; };
		07F40E882844BBB400947C86 /* Assets.xcassets in Resources */ = {isa = PBXBuildFile; fileRef = 07F40E872844BBB400947C86 /* Assets.xcassets */; };
		07F40E8B2844BBB400947C86 /* LaunchScreen.storyboard in Resources */ = {isa = PBXBuildFile; fileRef = 07F40E892844BBB400947C86 /* LaunchScreen.storyboard */; };
		07F40E962844BBB500947C86 /* test100Tests.swift in Sources */ = {isa = PBXBuildFile; fileRef = 07F40E952844BBB500947C86 /* test100Tests.swift */; };
		07F40EA02844BBB500947C86 /* test100UITests.swift in Sources */ = {isa = PBXBuildFile; fileRef = 07F40E9F2844BBB500947C86 /* test100UITests.swift */; };
		07F40EA22844BBB500947C86 /* test100UITestsLaunchTests.swift in Sources */ = {isa = PBXBuildFile; fileRef = 07F40EA12844BBB500947C86 /* test100UITestsLaunchTests.swift */; };
/* End PBXBuildFile section */

/* Begin PBXContainerItemProxy section */
		07F40E922844BBB500947C86 /* PBXContainerItemProxy */ = {
			isa = PBXContainerItemProxy;
			containerPortal = 07F40E702844BBB300947C86 /* Project object */;
			proxyType = 1;
			remoteGlobalIDString = 07F40E772844BBB300947C86;
			remoteInfo = test100;
		};
		07F40E9C2844BBB500947C86 /* PBXContainerItemProxy */ = {
			isa = PBXContainerItemProxy;
			containerPortal = 07F40E702844BBB300947C86 /* Project object */;
			proxyType = 1;
			remoteGlobalIDString = 07F40E772844BBB300947C86;
			remoteInfo = test100;
		};
/* End PBXContainerItemProxy section */

/* Begin PBXFileReference section */
		07F40E782844BBB300947C86 /* test100.app */ = {isa = PBXFileReference; explicitFileType = wrapper.application; includeInIndex = 0; path = test100.app; sourceTree = BUILT_PRODUCTS_DIR; };
		07F40E7B2844BBB300947C86 /* AppDelegate.swift */ = {isa = PBXFileReference; lastKnownFileType = sourcecode.swift; path = AppDelegate.swift; sourceTree = "<group>"; };
		07F40E7D2844BBB300947C86 /* SceneDelegate.swift */ = {isa = PBXFileReference; lastKnownFileType = sourcecode.swift; path = SceneDelegate.swift; sourceTree = "<group>"; };
		07F40E7F2844BBB300947C86 /* ViewController.swift */ = {isa = PBXFileReference; lastKnownFileType = sourcecode.swift; path = ViewController.swift; sourceTree = "<group>"; };
		07F40E822844BBB300947C86 /* Base */ = {isa = PBXFileReference; lastKnownFileType = file.storyboard; name = Base; path = Base.lproj/Main.storyboard; sourceTree = "<group>"; };
		07F40E852844BBB300947C86 /* test100.xcdatamodel */ = {isa = PBXFileReference; lastKnownFileType = wrapper.xcdatamodel; path = test100.xcdatamodel; sourceTree = "<group>"; };
		07F40E872844BBB400947C86 /* Assets.xcassets */ = {isa = PBXFileReference; lastKnownFileType = folder.assetcatalog; path = Assets.xcassets; sourceTree = "<group>"; };
		07F40E8A2844BBB400947C86 /* Base */ = {isa = PBXFileReference; lastKnownFileType = file.storyboard; name = Base; path = Base.lproj/LaunchScreen.storyboard; sourceTree = "<group>"; };
		07F40E8C2844BBB400947C86 /* Info.plist */ = {isa = PBXFileReference; lastKnownFileType = text.plist.xml; path = Info.plist; sourceTree = "<group>"; };
		07F40E912844BBB500947C86 /* test100Tests.xctest */ = {isa = PBXFileReference; explicitFileType = wrapper.cfbundle; includeInIndex = 0; path = test100Tests.xctest; sourceTree = BUILT_PRODUCTS_DIR; };
		07F40E952844BBB500947C86 /* test100Tests.swift */ = {isa = PBXFileReference; lastKnownFileType = sourcecode.swift; path = test100Tests.swift; sourceTree = "<group>"; };
		07F40E9B2844BBB500947C86 /* test100UITests.xctest */ = {isa = PBXFileReference; explicitFileType = wrapper.cfbundle; includeInIndex = 0; path = test100UITests.xctest; sourceTree = BUILT_PRODUCTS_DIR; };
		07F40E9F2844BBB500947C86 /* test100UITests.swift */ = {isa = PBXFileReference; lastKnownFileType = sourcecode.swift; path = test100UITests.swift; sourceTree = "<group>"; };
		07F40EA12844BBB500947C86 /* test100UITestsLaunchTests.swift */ = {isa = PBXFileReference; lastKnownFileType = sourcecode.swift; path = test100UITestsLaunchTests.swift; sourceTree = "<group>"; };
/* End PBXFileReference section */

/* Begin PBXFrameworksBuildPhase section */
		07F40E752844BBB300947C86 /* Frameworks */ = {
			isa = PBXFrameworksBuildPhase;
			buildActionMask = 2147483647;
			files = (
			);
			runOnlyForDeploymentPostprocessing = 0;
		};
		07F40E8E2844BBB500947C86 /* Frameworks */ = {
			isa = PBXFrameworksBuildPhase;
			buildActionMask = 2147483647;
			files = (
			);
			runOnlyForDeploymentPostprocessing = 0;
		};
		07F40E982844BBB500947C86 /* Frameworks */ = {
			isa = PBXFrameworksBuildPhase;
			buildActionMask = 2147483647;
			files = (
			);
			runOnlyForDeploymentPostprocessing = 0;
		};
/* End PBXFrameworksBuildPhase section */

/* Begin PBXGroup section */
		07F40E6F2844BBB300947C86 = {
			isa = PBXGroup;
			children = (
				07F40E7A2844BBB300947C86 /* test100 */,
				07F40E942844BBB500947C86 /* test100Tests */,
				07F40E9E2844BBB500947C86 /* test100UITests */,
				07F40E792844BBB300947C86 /* Products */,
			);
			sourceTree = "<group>";
		};
		07F40E792844BBB300947C86 /* Products */ = {
			isa = PBXGroup;
			children = (
				07F40E782844BBB300947C86 /* test100.app */,
				07F40E912844BBB500947C86 /* test100Tests.xctest */,
				07F40E9B2844BBB500947C86 /* test100UITests.xctest */,
			);
			name = Products;
			sourceTree = "<group>";
		};
		07F40E7A2844BBB300947C86 /* test100 */ = {
			isa = PBXGroup;
			children = (
				07F40E7B2844BBB300947C86 /* AppDelegate.swift */,
				07F40E7D2844BBB300947C86 /* SceneDelegate.swift */,
				07F40E7F2844BBB300947C86 /* ViewController.swift */,
				07F40E812844BBB300947C86 /* Main.storyboard */,
				07F40E872844BBB400947C86 /* Assets.xcassets */,
				07F40E892844BBB400947C86 /* LaunchScreen.storyboard */,
				07F40E8C2844BBB400947C86 /* Info.plist */,
				07F40E842844BBB300947C86 /* test100.xcdatamodeld */,
			);
			path = test100;
			sourceTree = "<group>";
		};
		07F40E942844BBB500947C86 /* test100Tests */ = {
			isa = PBXGroup;
			children = (
				07F40E952844BBB500947C86 /* test100Tests.swift */,
			);
			path = test100Tests;
			sourceTree = "<group>";
		};
		07F40E9E2844BBB500947C86 /* test100UITests */ = {
			isa = PBXGroup;
			children = (
				07F40E9F2844BBB500947C86 /* test100UITests.swift */,
				07F40EA12844BBB500947C86 /* test100UITestsLaunchTests.swift */,
			);
			path = test100UITests;
			sourceTree = "<group>";
		};
/* End PBXGroup section */

/* Begin PBXNativeTarget section */
		07F40E772844BBB300947C86 /* test100 */ = {
			isa = PBXNativeTarget;
			buildConfigurationList = 07F40EA52844BBB500947C86 /* Build configuration list for PBXNativeTarget "test100" */;
			buildPhases = (
				07F40E742844BBB300947C86 /* Sources */,
				07F40E752844BBB300947C86 /* Frameworks */,
				07F40E762844BBB300947C86 /* Resources */,
			);
			buildRules = (
			);
			dependencies = (
			);
			name = test100;
			productName = test100;
			productReference = 07F40E782844BBB300947C86 /* test100.app */;
			productType = "com.apple.product-type.application";
		};
		07F40E902844BBB500947C86 /* test100Tests */ = {
			isa = PBXNativeTarget;
			buildConfigurationList = 07F40EA82844BBB500947C86 /* Build configuration list for PBXNativeTarget "test100Tests" */;
			buildPhases = (
				07F40E8D2844BBB500947C86 /* Sources */,
				07F40E8E2844BBB500947C86 /* Frameworks */,
				07F40E8F2844BBB500947C86 /* Resources */,
			);
			buildRules = (
			);
			dependencies = (
				07F40E932844BBB500947C86 /* PBXTargetDependency */,
			);
			name = test100Tests;
			productName = test100Tests;
			productReference = 07F40E912844BBB500947C86 /* test100Tests.xctest */;
			productType = "com.apple.product-type.bundle.unit-test";
		};
		07F40E9A2844BBB500947C86 /* test100UITests */ = {
			isa = PBXNativeTarget;
			buildConfigurationList = 07F40EAB2844BBB500947C86 /* Build configuration list for PBXNativeTarget "test100UITests" */;
			buildPhases = (
				07F40E972844BBB500947C86 /* Sources */,
				07F40E982844BBB500947C86 /* Frameworks */,
				07F40E992844BBB500947C86 /* Resources */,
			);
			buildRules = (
			);
			dependencies = (
				07F40E9D2844BBB500947C86 /* PBXTargetDependency */,
			);
			name = test100UITests;
			productName = test100UITests;
			productReference = 07F40E9B2844BBB500947C86 /* test100UITests.xctest */;
			productType = "com.apple.product-type.bundle.ui-testing";
		};
/* End PBXNativeTarget section */

/* Begin PBXProject section */
		07F40E702844BBB300947C86 /* Project object */ = {
			isa = PBXProject;
			attributes = {
				BuildIndependentTargetsInParallel = 1;
				LastSwiftUpdateCheck = 1320;
				LastUpgradeCheck = 1320;
				TargetAttributes = {
					07F40E772844BBB300947C86 = {
						CreatedOnToolsVersion = 13.2.1;
					};
					07F40E902844BBB500947C86 = {
						CreatedOnToolsVersion = 13.2.1;
						TestTargetID = 07F40E772844BBB300947C86;
					};
					07F40E9A2844BBB500947C86 = {
						CreatedOnToolsVersion = 13.2.1;
						TestTargetID = 07F40E772844BBB300947C86;
					};
				};
			};
			buildConfigurationList = 07F40E732844BBB300947C86 /* Build configuration list for PBXProject "test100" */;
			compatibilityVersion = "Xcode 13.0";
			developmentRegion = en;
			hasScannedForEncodings = 0;
			knownRegions = (
				en,
				Base,
			);
			mainGroup = 07F40E6F2844BBB300947C86;
			productRefGroup = 07F40E792844BBB300947C86 /* Products */;
			projectDirPath = "";
			projectRoot = "";
			targets = (
				07F40E772844BBB300947C86 /* test100 */,
				07F40E902844BBB500947C86 /* test100Tests */,
				07F40E9A2844BBB500947C86 /* test100UITests */,
			);
		};
/* End PBXProject section */

/* Begin PBXResourcesBuildPhase section */
		07F40E762844BBB300947C86 /* Resources */ = {
			isa = PBXResourcesBuildPhase;
			buildActionMask = 2147483647;
			files = (
				07F40E8B2844BBB400947C86 /* LaunchScreen.storyboard in Resources */,
				07F40E882844BBB400947C86 /* Assets.xcassets in Resources */,
				07F40E832844BBB300947C86 /* Main.storyboard in Resources */,
			);
			runOnlyForDeploymentPostprocessing = 0;
		};
		07F40E8F2844BBB500947C86 /* Resources */ = {
			isa = PBXResourcesBuildPhase;
			buildActionMask = 2147483647;
			files = (
			);
			runOnlyForDeploymentPostprocessing = 0;
		};
		07F40E992844BBB500947C86 /* Resources */ = {
			isa = PBXResourcesBuildPhase;
			buildActionMask = 2147483647;
			files = (
			);
			runOnlyForDeploymentPostprocessing = 0;
		};
/* End PBXResourcesBuildPhase section */

/* Begin PBXSourcesBuildPhase section */
		07F40E742844BBB300947C86 /* Sources */ = {
			isa = PBXSourcesBuildPhase;
			buildActionMask = 2147483647;
			files = (
				07F40E802844BBB300947C86 /* ViewController.swift in Sources */,
				07F40E862844BBB300947C86 /* test100.xcdatamodeld in Sources */,
				07F40E7C2844BBB300947C86 /* AppDelegate.swift in Sources */,
				07F40E7E2844BBB300947C86 /* SceneDelegate.swift in Sources */,
			);
			runOnlyForDeploymentPostprocessing = 0;
		};
		07F40E8D2844BBB500947C86 /* Sources */ = {
			isa = PBXSourcesBuildPhase;
			buildActionMask = 2147483647;
			files = (
				07F40E962844BBB500947C86 /* test100Tests.swift in Sources */,
			);
			runOnlyForDeploymentPostprocessing = 0;
		};
		07F40E972844BBB500947C86 /* Sources */ = {
			isa = PBXSourcesBuildPhase;
			buildActionMask = 2147483647;
			files = (
				07F40EA22844BBB500947C86 /* test100UITestsLaunchTests.swift in Sources */,
				07F40EA02844BBB500947C86 /* test100UITests.swift in Sources */,
			);
			runOnlyForDeploymentPostprocessing = 0;
		};
/* End PBXSourcesBuildPhase section */

/* Begin PBXTargetDependency section */
		07F40E932844BBB500947C86 /* PBXTargetDependency */ = {
			isa = PBXTargetDependency;
			target = 07F40E772844BBB300947C86 /* test100 */;
			targetProxy = 07F40E922844BBB500947C86 /* PBXContainerItemProxy */;
		};
		07F40E9D2844BBB500947C86 /* PBXTargetDependency */ = {
			isa = PBXTargetDependency;
			target = 07F40E772844BBB300947C86 /* test100 */;
			targetProxy = 07F40E9C2844BBB500947C86 /* PBXContainerItemProxy */;
		};
/* End PBXTargetDependency section */

/* Begin PBXVariantGroup section */
		07F40E812844BBB300947C86 /* Main.storyboard */ = {
			isa = PBXVariantGroup;
			children = (
				07F40E822844BBB300947C86 /* Base */,
			);
			name = Main.storyboard;
			sourceTree = "<group>";
		};
		07F40E892844BBB400947C86 /* LaunchScreen.storyboard */ = {
			isa = PBXVariantGroup;
			children = (
				07F40E8A2844BBB400947C86 /* Base */,
			);
			name = LaunchScreen.storyboard;
			sourceTree = "<group>";
		};
/* End PBXVariantGroup section */

/* Begin XCBuildConfiguration section */
		07F40EA32844BBB500947C86 /* Debug */ = {
			isa = XCBuildConfiguration;
			buildSettings = {
				ALWAYS_SEARCH_USER_PATHS = NO;
				CLANG_ANALYZER_NONNULL = YES;
				CLANG_ANALYZER_NUMBER_OBJECT_CONVERSION = YES_AGGRESSIVE;
				CLANG_CXX_LANGUAGE_STANDARD = "gnu++17";
				CLANG_CXX_LIBRARY = "libc++";
				CLANG_ENABLE_MODULES = YES;
				CLANG_ENABLE_OBJC_ARC = YES;
				CLANG_ENABLE_OBJC_WEAK = YES;
				CLANG_WARN_BLOCK_CAPTURE_AUTORELEASING = YES;
				CLANG_WARN_BOOL_CONVERSION = YES;
				CLANG_WARN_COMMA = YES;
				CLANG_WARN_CONSTANT_CONVERSION = YES;
				CLANG_WARN_DEPRECATED_OBJC_IMPLEMENTATIONS = YES;
				CLANG_WARN_DIRECT_OBJC_ISA_USAGE = YES_ERROR;
				CLANG_WARN_DOCUMENTATION_COMMENTS = YES;
				CLANG_WARN_EMPTY_BODY = YES;
				CLANG_WARN_ENUM_CONVERSION = YES;
				CLANG_WARN_INFINITE_RECURSION = YES;
				CLANG_WARN_INT_CONVERSION = YES;
				CLANG_WARN_NON_LITERAL_NULL_CONVERSION = YES;
				CLANG_WARN_OBJC_IMPLICIT_RETAIN_SELF = YES;
				CLANG_WARN_OBJC_LITERAL_CONVERSION = YES;
				CLANG_WARN_OBJC_ROOT_CLASS = YES_ERROR;
				CLANG_WARN_QUOTED_INCLUDE_IN_FRAMEWORK_HEADER = YES;
				CLANG_WARN_RANGE_LOOP_ANALYSIS = YES;
				CLANG_WARN_STRICT_PROTOTYPES = YES;
				CLANG_WARN_SUSPICIOUS_MOVE = YES;
				CLANG_WARN_UNGUARDED_AVAILABILITY = YES_AGGRESSIVE;
				CLANG_WARN_UNREACHABLE_CODE = YES;
				CLANG_WARN__DUPLICATE_METHOD_MATCH = YES;
				COPY_PHASE_STRIP = NO;
				DEBUG_INFORMATION_FORMAT = dwarf;
				ENABLE_STRICT_OBJC_MSGSEND = YES;
				ENABLE_TESTABILITY = YES;
				GCC_C_LANGUAGE_STANDARD = gnu11;
				GCC_DYNAMIC_NO_PIC = NO;
				GCC_NO_COMMON_BLOCKS = YES;
				GCC_OPTIMIZATION_LEVEL = 0;
				GCC_PREPROCESSOR_DEFINITIONS = (
					"DEBUG=1",
					"$(inherited)",
				);
				GCC_WARN_64_TO_32_BIT_CONVERSION = YES;
				GCC_WARN_ABOUT_RETURN_TYPE = YES_ERROR;
				GCC_WARN_UNDECLARED_SELECTOR = YES;
				GCC_WARN_UNINITIALIZED_AUTOS = YES_AGGRESSIVE;
				GCC_WARN_UNUSED_FUNCTION = YES;
				GCC_WARN_UNUSED_VARIABLE = YES;
				IPHONEOS_DEPLOYMENT_TARGET = 15.2;
				MTL_ENABLE_DEBUG_INFO = INCLUDE_SOURCE;
				MTL_FAST_MATH = YES;
				ONLY_ACTIVE_ARCH = YES;
				SDKROOT = iphoneos;
				SWIFT_ACTIVE_COMPILATION_CONDITIONS = DEBUG;
				SWIFT_OPTIMIZATION_LEVEL = "-Onone";
			};
			name = Debug;
		};
		07F40EA42844BBB500947C86 /* Release */ = {
			isa = XCBuildConfiguration;
			buildSettings = {
				ALWAYS_SEARCH_USER_PATHS = NO;
				CLANG_ANALYZER_NONNULL = YES;
				CLANG_ANALYZER_NUMBER_OBJECT_CONVERSION = YES_AGGRESSIVE;
				CLANG_CXX_LANGUAGE_STANDARD = "gnu++17";
				CLANG_CXX_LIBRARY = "libc++";
				CLANG_ENABLE_MODULES = YES;
				CLANG_ENABLE_OBJC_ARC = YES;
				CLANG_ENABLE_OBJC_WEAK = YES;
				CLANG_WARN_BLOCK_CAPTURE_AUTORELEASING = YES;
				CLANG_WARN_BOOL_CONVERSION = YES;
				CLANG_WARN_COMMA = YES;
				CLANG_WARN_CONSTANT_CONVERSION = YES;
				CLANG_WARN_DEPRECATED_OBJC_IMPLEMENTATIONS = YES;
				CLANG_WARN_DIRECT_OBJC_ISA_USAGE = YES_ERROR;
				CLANG_WARN_DOCUMENTATION_COMMENTS = YES;
				CLANG_WARN_EMPTY_BODY = YES;
				CLANG_WARN_ENUM_CONVERSION = YES;
				CLANG_WARN_INFINITE_RECURSION = YES;
				CLANG_WARN_INT_CONVERSION = YES;
				CLANG_WARN_NON_LITERAL_NULL_CONVERSION = YES;
				CLANG_WARN_OBJC_IMPLICIT_RETAIN_SELF = YES;
				CLANG_WARN_OBJC_LITERAL_CONVERSION = YES;
				CLANG_WARN_OBJC_ROOT_CLASS = YES_ERROR;
				CLANG_WARN_QUOTED_INCLUDE_IN_FRAMEWORK_HEADER = YES;
				CLANG_WARN_RANGE_LOOP_ANALYSIS = YES;
				CLANG_WARN_STRICT_PROTOTYPES = YES;
				CLANG_WARN_SUSPICIOUS_MOVE = YES;
				CLANG_WARN_UNGUARDED_AVAILABILITY = YES_AGGRESSIVE;
				CLANG_WARN_UNREACHABLE_CODE = YES;
				CLANG_WARN__DUPLICATE_METHOD_MATCH = YES;
				COPY_PHASE_STRIP = NO;
				DEBUG_INFORMATION_FORMAT = "dwarf-with-dsym";
				ENABLE_NS_ASSERTIONS = NO;
				ENABLE_STRICT_OBJC_MSGSEND = YES;
				GCC_C_LANGUAGE_STANDARD = gnu11;
				GCC_NO_COMMON_BLOCKS = YES;
				GCC_WARN_64_TO_32_BIT_CONVERSION = YES;
				GCC_WARN_ABOUT_RETURN_TYPE = YES_ERROR;
				GCC_WARN_UNDECLARED_SELECTOR = YES;
				GCC_WARN_UNINITIALIZED_AUTOS = YES_AGGRESSIVE;
				GCC_WARN_UNUSED_FUNCTION = YES;
				GCC_WARN_UNUSED_VARIABLE = YES;
				IPHONEOS_DEPLOYMENT_TARGET = 15.2;
				MTL_ENABLE_DEBUG_INFO = NO;
				MTL_FAST_MATH = YES;
				SDKROOT = iphoneos;
				SWIFT_COMPILATION_MODE = wholemodule;
				SWIFT_OPTIMIZATION_LEVEL = "-O";
				VALIDATE_PRODUCT = YES;
			};
			name = Release;
		};
		07F40EA62844BBB500947C86 /* Debug */ = {
			isa = XCBuildConfiguration;
			buildSettings = {
				ASSETCATALOG_COMPILER_APPICON_NAME = AppIcon;
				ASSETCATALOG_COMPILER_GLOBAL_ACCENT_COLOR_NAME = AccentColor;
				CODE_SIGN_STYLE = Automatic;
				CURRENT_PROJECT_VERSION = 1;
				DEVELOPMENT_TEAM = 5F274ALFGG;
				GENERATE_INFOPLIST_FILE = YES;
				INFOPLIST_FILE = test100/Info.plist;
				INFOPLIST_KEY_UIApplicationSupportsIndirectInputEvents = YES;
				INFOPLIST_KEY_UILaunchStoryboardName = LaunchScreen;
				INFOPLIST_KEY_UIMainStoryboardFile = Main;
				INFOPLIST_KEY_UISupportedInterfaceOrientations_iPad = "UIInterfaceOrientationPortrait UIInterfaceOrientationPortraitUpsideDown UIInterfaceOrientationLandscapeLeft UIInterfaceOrientationLandscapeRight";
				INFOPLIST_KEY_UISupportedInterfaceOrientations_iPhone = "UIInterfaceOrientationPortrait UIInterfaceOrientationLandscapeLeft UIInterfaceOrientationLandscapeRight";
				LD_RUNPATH_SEARCH_PATHS = (
					"$(inherited)",
					"@executable_path/Frameworks",
				);
				MARKETING_VERSION = 1.0;
				PRODUCT_BUNDLE_IDENTIFIER = com.pratice.com.test100;
				PRODUCT_NAME = "$(TARGET_NAME)";
				SWIFT_EMIT_LOC_STRINGS = YES;
				SWIFT_VERSION = 5.0;
				TARGETED_DEVICE_FAMILY = "1,2";
			};
			name = Debug;
		};
		07F40EA72844BBB500947C86 /* Release */ = {
			isa = XCBuildConfiguration;
			buildSettings = {
				ASSETCATALOG_COMPILER_APPICON_NAME = AppIcon;
				ASSETCATALOG_COMPILER_GLOBAL_ACCENT_COLOR_NAME = AccentColor;
				CODE_SIGN_STYLE = Automatic;
				CURRENT_PROJECT_VERSION = 1;
				DEVELOPMENT_TEAM = 5F274ALFGG;
				GENERATE_INFOPLIST_FILE = YES;
				INFOPLIST_FILE = test100/Info.plist;
				INFOPLIST_KEY_UIApplicationSupportsIndirectInputEvents = YES;
				INFOPLIST_KEY_UILaunchStoryboardName = LaunchScreen;
				INFOPLIST_KEY_UIMainStoryboardFile = Main;
				INFOPLIST_KEY_UISupportedInterfaceOrientations_iPad = "UIInterfaceOrientationPortrait UIInterfaceOrientationPortraitUpsideDown UIInterfaceOrientationLandscapeLeft UIInterfaceOrientationLandscapeRight";
				INFOPLIST_KEY_UISupportedInterfaceOrientations_iPhone = "UIInterfaceOrientationPortrait UIInterfaceOrientationLandscapeLeft UIInterfaceOrientationLandscapeRight";
				LD_RUNPATH_SEARCH_PATHS = (
					"$(inherited)",
					"@executable_path/Frameworks",
				);
				MARKETING_VERSION = 1.0;
				PRODUCT_BUNDLE_IDENTIFIER = com.pratice.com.test100;
				PRODUCT_NAME = "$(TARGET_NAME)";
				SWIFT_EMIT_LOC_STRINGS = YES;
				SWIFT_VERSION = 5.0;
				TARGETED_DEVICE_FAMILY = "1,2";
			};
			name = Release;
		};
		07F40EA92844BBB500947C86 /* Debug */ = {
			isa = XCBuildConfiguration;
			buildSettings = {
				ALWAYS_EMBED_SWIFT_STANDARD_LIBRARIES = YES;
				BUNDLE_LOADER = "$(TEST_HOST)";
				CODE_SIGN_STYLE = Automatic;
				CURRENT_PROJECT_VERSION = 1;
				DEVELOPMENT_TEAM = 5F274ALFGG;
				GENERATE_INFOPLIST_FILE = YES;
				IPHONEOS_DEPLOYMENT_TARGET = 15.2;
				MARKETING_VERSION = 1.0;
				PRODUCT_BUNDLE_IDENTIFIER = com.pratice.com.test100Tests;
				PRODUCT_NAME = "$(TARGET_NAME)";
				SWIFT_EMIT_LOC_STRINGS = NO;
				SWIFT_VERSION = 5.0;
				TARGETED_DEVICE_FAMILY = "1,2";
				TEST_HOST = "$(BUILT_PRODUCTS_DIR)/test100.app/test100";
			};
			name = Debug;
		};
		07F40EAA2844BBB500947C86 /* Release */ = {
			isa = XCBuildConfiguration;
			buildSettings = {
				ALWAYS_EMBED_SWIFT_STANDARD_LIBRARIES = YES;
				BUNDLE_LOADER = "$(TEST_HOST)";
				CODE_SIGN_STYLE = Automatic;
				CURRENT_PROJECT_VERSION = 1;
				DEVELOPMENT_TEAM = 5F274ALFGG;
				GENERATE_INFOPLIST_FILE = YES;
				IPHONEOS_DEPLOYMENT_TARGET = 15.2;
				MARKETING_VERSION = 1.0;
				PRODUCT_BUNDLE_IDENTIFIER = com.pratice.com.test100Tests;
				PRODUCT_NAME = "$(TARGET_NAME)";
				SWIFT_EMIT_LOC_STRINGS = NO;
				SWIFT_VERSION = 5.0;
				TARGETED_DEVICE_FAMILY = "1,2";
				TEST_HOST = "$(BUILT_PRODUCTS_DIR)/test100.app/test100";
			};
			name = Release;
		};
		07F40EAC2844BBB500947C86 /* Debug */ = {
			isa = XCBuildConfiguration;
			buildSettings = {
				ALWAYS_EMBED_SWIFT_STANDARD_LIBRARIES = YES;
				CODE_SIGN_STYLE = Automatic;
				CURRENT_PROJECT_VERSION = 1;
				DEVELOPMENT_TEAM = 5F274ALFGG;
				GENERATE_INFOPLIST_FILE = YES;
				MARKETING_VERSION = 1.0;
				PRODUCT_BUNDLE_IDENTIFIER = com.pratice.com.test100UITests;
				PRODUCT_NAME = "$(TARGET_NAME)";
				SWIFT_EMIT_LOC_STRINGS = NO;
				SWIFT_VERSION = 5.0;
				TARGETED_DEVICE_FAMILY = "1,2";
				TEST_TARGET_NAME = test100;
			};
			name = Debug;
		};
		07F40EAD2844BBB500947C86 /* Release */ = {
			isa = XCBuildConfiguration;
			buildSettings = {
				ALWAYS_EMBED_SWIFT_STANDARD_LIBRARIES = YES;
				CODE_SIGN_STYLE = Automatic;
				CURRENT_PROJECT_VERSION = 1;
				DEVELOPMENT_TEAM = 5F274ALFGG;
				GENERATE_INFOPLIST_FILE = YES;
				MARKETING_VERSION = 1.0;
				PRODUCT_BUNDLE_IDENTIFIER = com.pratice.com.test100UITests;
				PRODUCT_NAME = "$(TARGET_NAME)";
				SWIFT_EMIT_LOC_STRINGS = NO;
				SWIFT_VERSION = 5.0;
				TARGETED_DEVICE_FAMILY = "1,2";
				TEST_TARGET_NAME = test100;
			};
			name = Release;
		};
/* End XCBuildConfiguration section */

/* Begin XCConfigurationList section */
		07F40E732844BBB300947C86 /* Build configuration list for PBXProject "test100" */ = {
			isa = XCConfigurationList;
			buildConfigurations = (
				07F40EA32844BBB500947C86 /* Debug */,
				07F40EA42844BBB500947C86 /* Release */,
			);
			defaultConfigurationIsVisible = 0;
			defaultConfigurationName = Release;
		};
		07F40EA52844BBB500947C86 /* Build configuration list for PBXNativeTarget "test100" */ = {
			isa = XCConfigurationList;
			buildConfigurations = (
				07F40EA62844BBB500947C86 /* Debug */,
				07F40EA72844BBB500947C86 /* Release */,
			);
			defaultConfigurationIsVisible = 0;
			defaultConfigurationName = Release;
		};
		07F40EA82844BBB500947C86 /* Build configuration list for PBXNativeTarget "test100Tests" */ = {
			isa = XCConfigurationList;
			buildConfigurations = (
				07F40EA92844BBB500947C86 /* Debug */,
				07F40EAA2844BBB500947C86 /* Release */,
			);
			defaultConfigurationIsVisible = 0;
			defaultConfigurationName = Release;
		};
		07F40EAB2844BBB500947C86 /* Build configuration list for PBXNativeTarget "test100UITests" */ = {
			isa = XCConfigurationList;
			buildConfigurations = (
				07F40EAC2844BBB500947C86 /* Debug */,
				07F40EAD2844BBB500947C86 /* Release */,
			);
			defaultConfigurationIsVisible = 0;
			defaultConfigurationName = Release;
		};
/* End XCConfigurationList section */

/* Begin XCVersionGroup section */
		07F40E842844BBB300947C86 /* test100.xcdatamodeld */ = {
			isa = XCVersionGroup;
			children = (
				07F40E852844BBB300947C86 /* test100.xcdatamodel */,
			);
			currentVersion = 07F40E852844BBB300947C86 /* test100.xcdatamodel */;
			path = test100.xcdatamodeld;
			sourceTree = "<group>";
			versionGroupType = wrapper.xcdatamodel;
		};
/* End XCVersionGroup section */
	};
	rootObject = 07F40E702844BBB300947C86 /* Project object */;
}
